{
  "pins" : [
    {
      "identity" : "youtubeplayerkit",
      "kind" : "remoteSourceControl",
      "location" : "https://github.com/SvenTiigi/YouTubePlayerKit.git",
      "state" : {
        "revision" : "ca8f0cd89d63d6f5e5cb556b0dd30cd65632bc3a",
        "version" : "1.7.0"
      }
    }
  ],
  "version" : 2
}
