// !$*UTF8*$!
{
	archiveVersion = 1;
	classes = {
	};
	objectVersion = 54;
	objects = {

/* Begin PBXBuildFile section */
		831CA63824E95FD600DB6BF3 /* PersonResponse.swift in Sources */ = {isa = PBXBuildFile; fileRef = 831CA63724E95FD600DB6BF3 /* PersonResponse.swift */; };
		831CA63A24E9648000DB6BF3 /* PersonMovieCreditResponse.swift in Sources */ = {isa = PBXBuildFile; fileRef = 831CA63924E9648000DB6BF3 /* PersonMovieCreditResponse.swift */; };
		831CA63C24E9743600DB6BF3 /* PersonMovieCredits.swift in Sources */ = {isa = PBXBuildFile; fileRef = 831CA63B24E9743600DB6BF3 /* PersonMovieCredits.swift */; };
		831CA64224E9A45600DB6BF3 /* MOPersonInfoView.swift in Sources */ = {isa = PBXBuildFile; fileRef = 831CA64124E9A45500DB6BF3 /* MOPersonInfoView.swift */; };
		831CA64424E9A7D100DB6BF3 /* MOPersonCreditsView.swift in Sources */ = {isa = PBXBuildFile; fileRef = 831CA64324E9A7D100DB6BF3 /* MOPersonCreditsView.swift */; };
		831CA64624E9AA5700DB6BF3 /* PersonCreditsCell.swift in Sources */ = {isa = PBXBuildFile; fileRef = 831CA64524E9AA5700DB6BF3 /* PersonCreditsCell.swift */; };
		831CA64824E9AC3000DB6BF3 /* PersonDetailsVC.swift in Sources */ = {isa = PBXBuildFile; fileRef = 831CA64724E9AC3000DB6BF3 /* PersonDetailsVC.swift */; };
		831CA64A24EB730E00DB6BF3 /* MovieDetailAPIResponse.swift in Sources */ = {isa = PBXBuildFile; fileRef = 831CA64924EB730E00DB6BF3 /* MovieDetailAPIResponse.swift */; };
		831CA64C24EB73B300DB6BF3 /* GenreResponse.swift in Sources */ = {isa = PBXBuildFile; fileRef = 831CA64B24EB73B300DB6BF3 /* GenreResponse.swift */; };
		831CA64E24EC90B700DB6BF3 /* SearchVC.swift in Sources */ = {isa = PBXBuildFile; fileRef = 831CA64D24EC90B600DB6BF3 /* SearchVC.swift */; };
		831CA65024EE03FD00DB6BF3 /* FavoriteMovieCell.swift in Sources */ = {isa = PBXBuildFile; fileRef = 831CA64F24EE03FD00DB6BF3 /* FavoriteMovieCell.swift */; };
		831CA65224F0BF8D00DB6BF3 /* MOFavoriteButtonImageView.swift in Sources */ = {isa = PBXBuildFile; fileRef = 831CA65124F0BF8D00DB6BF3 /* MOFavoriteButtonImageView.swift */; };
		831CA65424F153EE00DB6BF3 /* PersistenceManager.swift in Sources */ = {isa = PBXBuildFile; fileRef = 831CA65324F153ED00DB6BF3 /* PersistenceManager.swift */; };
		831CA65724F166D900DB6BF3 /* MovieOS.xcdatamodeld in Sources */ = {isa = PBXBuildFile; fileRef = 831CA65524F166D900DB6BF3 /* MovieOS.xcdatamodeld */; };
		831CA65B24F17E2B00DB6BF3 /* Movie+Ext.swift in Sources */ = {isa = PBXBuildFile; fileRef = 831CA65A24F17E2B00DB6BF3 /* Movie+Ext.swift */; };
		831CA65D24F1834500DB6BF3 /* Person+Ext.swift in Sources */ = {isa = PBXBuildFile; fileRef = 831CA65C24F1834500DB6BF3 /* Person+Ext.swift */; };
		831CA65F24F1841000DB6BF3 /* PersonMovieCredit+Ext.swift in Sources */ = {isa = PBXBuildFile; fileRef = 831CA65E24F1841000DB6BF3 /* PersonMovieCredit+Ext.swift */; };
		831CA66124F2B51800DB6BF3 /* Actor+Ext.swift in Sources */ = {isa = PBXBuildFile; fileRef = 831CA66024F2B51800DB6BF3 /* Actor+Ext.swift */; };
		831CA66724F2EE3700DB6BF3 /* MOPersonCreditImageView.swift in Sources */ = {isa = PBXBuildFile; fileRef = 831CA66624F2EE3700DB6BF3 /* MOPersonCreditImageView.swift */; };
		831CA66924F2F29700DB6BF3 /* MOPersonProfileImageView.swift in Sources */ = {isa = PBXBuildFile; fileRef = 831CA66824F2F29700DB6BF3 /* MOPersonProfileImageView.swift */; };
		831CA66B24FAA4AF00DB6BF3 /* LoadingMoviesVC.swift in Sources */ = {isa = PBXBuildFile; fileRef = 831CA66A24FAA4AF00DB6BF3 /* LoadingMoviesVC.swift */; };
		83262F3724FF140F0090999D /* VideosAPIResponse.swift in Sources */ = {isa = PBXBuildFile; fileRef = 83262F3624FF140F0090999D /* VideosAPIResponse.swift */; };
		83262F3924FF143C0090999D /* VideoResponse.swift in Sources */ = {isa = PBXBuildFile; fileRef = 83262F3824FF143C0090999D /* VideoResponse.swift */; };
		83262F3B24FFAA480090999D /* Video+Ext.swift in Sources */ = {isa = PBXBuildFile; fileRef = 83262F3A24FFAA480090999D /* Video+Ext.swift */; };
		83262F3D2500FD420090999D /* MOTrailerImageView.swift in Sources */ = {isa = PBXBuildFile; fileRef = 83262F3C2500FD420090999D /* MOTrailerImageView.swift */; };
		83262F3F2500FEAC0090999D /* MovieTrailerCell.swift in Sources */ = {isa = PBXBuildFile; fileRef = 83262F3E2500FEAC0090999D /* MovieTrailerCell.swift */; };
		83262F41250101490090999D /* MOMovieTrailersView.swift in Sources */ = {isa = PBXBuildFile; fileRef = 83262F40250101490090999D /* MOMovieTrailersView.swift */; };
		83262F4325024EBE0090999D /* TMDBClient.swift in Sources */ = {isa = PBXBuildFile; fileRef = 83262F4225024EBE0090999D /* TMDBClient.swift */; };
		83262F452503AB2F0090999D /* Genre+Ext.swift in Sources */ = {isa = PBXBuildFile; fileRef = 83262F442503AB2F0090999D /* Genre+Ext.swift */; };
		83262F4C2506C2AA0090999D /* MovieCategoryCell.swift in Sources */ = {isa = PBXBuildFile; fileRef = 83262F4B2506C2AA0090999D /* MovieCategoryCell.swift */; };
		83262F4E2506C52F0090999D /* MovieCategorySearch.swift in Sources */ = {isa = PBXBuildFile; fileRef = 83262F4D2506C52F0090999D /* MovieCategorySearch.swift */; };
		83262F5025085CA70090999D /* SearchCategoryDetailsVC.swift in Sources */ = {isa = PBXBuildFile; fileRef = 83262F4F25085CA70090999D /* SearchCategoryDetailsVC.swift */; };
		832B58842443D20100327E06 /* MOHeaderBackdropView.swift in Sources */ = {isa = PBXBuildFile; fileRef = 832B58832443D20100327E06 /* MOHeaderBackdropView.swift */; };
		832B58862443EC5600327E06 /* CAGradientLayer+Ext.swift in Sources */ = {isa = PBXBuildFile; fileRef = 832B58852443EC5600327E06 /* CAGradientLayer+Ext.swift */; };
		832B58882443F2D400327E06 /* UIViewController+Ext.swift in Sources */ = {isa = PBXBuildFile; fileRef = 832B58872443F2D400327E06 /* UIViewController+Ext.swift */; };
		834BCB1625312F6900DF2E33 /* SettingsVC.swift in Sources */ = {isa = PBXBuildFile; fileRef = 834BCB1525312F6900DF2E33 /* SettingsVC.swift */; };
		834BCB1925313A3600DF2E33 /* TMDBattributionView.swift in Sources */ = {isa = PBXBuildFile; fileRef = 834BCB1825313A3600DF2E33 /* TMDBattributionView.swift */; };
		835A2B5D25293370007EB53E /* MOPlayerViewController.swift in Sources */ = {isa = PBXBuildFile; fileRef = 835A2B5C25293370007EB53E /* MOPlayerViewController.swift */; };
		8364F8B6251A09C8008A9B7F /* MOTabBarController.swift in Sources */ = {isa = PBXBuildFile; fileRef = 8364F8B5251A09C8008A9B7F /* MOTabBarController.swift */; };
		8374628E23F8E2D6003AD63E /* UIView+Ext.swift in Sources */ = {isa = PBXBuildFile; fileRef = 8374628D23F8E2D6003AD63E /* UIView+Ext.swift */; };
		838DB6AF2B8EB66500549B7B /* YouTubePlayerKit in Frameworks */ = {isa = PBXBuildFile; productRef = 838DB6AE2B8EB66500549B7B /* YouTubePlayerKit */; };
		838F7C1123D27D9A005CF45B /* AppDelegate.swift in Sources */ = {isa = PBXBuildFile; fileRef = 838F7C1023D27D9A005CF45B /* AppDelegate.swift */; };
		838F7C1323D27D9A005CF45B /* SceneDelegate.swift in Sources */ = {isa = PBXBuildFile; fileRef = 838F7C1223D27D9A005CF45B /* SceneDelegate.swift */; };
		838F7C1A23D27D9B005CF45B /* Assets.xcassets in Resources */ = {isa = PBXBuildFile; fileRef = 838F7C1923D27D9B005CF45B /* Assets.xcassets */; };
		838F7C1D23D27D9B005CF45B /* LaunchScreen.storyboard in Resources */ = {isa = PBXBuildFile; fileRef = 838F7C1B23D27D9B005CF45B /* LaunchScreen.storyboard */; };
		838F7C2623D2810C005CF45B /* HomeVC.swift in Sources */ = {isa = PBXBuildFile; fileRef = 838F7C2523D2810C005CF45B /* HomeVC.swift */; };
		838F7C2823D2814D005CF45B /* FavoritesVC.swift in Sources */ = {isa = PBXBuildFile; fileRef = 838F7C2723D2814D005CF45B /* FavoritesVC.swift */; };
		838F7C2B23D29ACB005CF45B /* MOTitleLabel.swift in Sources */ = {isa = PBXBuildFile; fileRef = 838F7C2A23D29ACB005CF45B /* MOTitleLabel.swift */; };
		838F7C2D23D2A2E5005CF45B /* MOPosterImageView.swift in Sources */ = {isa = PBXBuildFile; fileRef = 838F7C2C23D2A2E5005CF45B /* MOPosterImageView.swift */; };
		838F7C3023D2A619005CF45B /* NetworkManager.swift in Sources */ = {isa = PBXBuildFile; fileRef = 838F7C2F23D2A619005CF45B /* NetworkManager.swift */; };
		838F7C3323D2AEBE005CF45B /* MovieResponse.swift in Sources */ = {isa = PBXBuildFile; fileRef = 838F7C3223D2AEBE005CF45B /* MovieResponse.swift */; };
		838F7C3623D2B846005CF45B /* MOError.swift in Sources */ = {isa = PBXBuildFile; fileRef = 838F7C3523D2B846005CF45B /* MOError.swift */; };
		838F7C3823D2C4CA005CF45B /* MoviesAPIResponse.swift in Sources */ = {isa = PBXBuildFile; fileRef = 838F7C3723D2C4CA005CF45B /* MoviesAPIResponse.swift */; };
		838F7C3C23D3B22A005CF45B /* MovieCell.swift in Sources */ = {isa = PBXBuildFile; fileRef = 838F7C3B23D3B22A005CF45B /* MovieCell.swift */; };
		838F7C3E23D4D953005CF45B /* MOBodyLabel.swift in Sources */ = {isa = PBXBuildFile; fileRef = 838F7C3D23D4D953005CF45B /* MOBodyLabel.swift */; };
		838F7C4023D4E77D005CF45B /* MORatingLabel.swift in Sources */ = {isa = PBXBuildFile; fileRef = 838F7C3F23D4E77D005CF45B /* MORatingLabel.swift */; };
		838F7C4223D9BE17005CF45B /* UIHelper.swift in Sources */ = {isa = PBXBuildFile; fileRef = 838F7C4123D9BE16005CF45B /* UIHelper.swift */; };
		8390049024205344007D4E32 /* MOGenresTagStackView.swift in Sources */ = {isa = PBXBuildFile; fileRef = 8390048F24205344007D4E32 /* MOGenresTagStackView.swift */; };
		8390049224207685007D4E32 /* MOMovieInfoView.swift in Sources */ = {isa = PBXBuildFile; fileRef = 8390049124207685007D4E32 /* MOMovieInfoView.swift */; };
		839004942427D217007D4E32 /* Constants.swift in Sources */ = {isa = PBXBuildFile; fileRef = 839004932427D217007D4E32 /* Constants.swift */; };
		839004962427DD7B007D4E32 /* MOMovieCastView.swift in Sources */ = {isa = PBXBuildFile; fileRef = 839004952427DD7B007D4E32 /* MOMovieCastView.swift */; };
		839004982427DF08007D4E32 /* CastCell.swift in Sources */ = {isa = PBXBuildFile; fileRef = 839004972427DF08007D4E32 /* CastCell.swift */; };
		8390049A2427E15C007D4E32 /* ActorResponse.swift in Sources */ = {isa = PBXBuildFile; fileRef = 839004992427E15C007D4E32 /* ActorResponse.swift */; };
		8390049C242801D6007D4E32 /* CreditsAPIResponse.swift in Sources */ = {isa = PBXBuildFile; fileRef = 8390049B242801D6007D4E32 /* CreditsAPIResponse.swift */; };
		8390049E24280C0C007D4E32 /* MOCastImageView.swift in Sources */ = {isa = PBXBuildFile; fileRef = 8390049D24280C0C007D4E32 /* MOCastImageView.swift */; };
		839601862B964108007FB1F4 /* MovieOSVisionApp.swift in Sources */ = {isa = PBXBuildFile; fileRef = 839601852B964108007FB1F4 /* MovieOSVisionApp.swift */; };
		839601882B964108007FB1F4 /* LoadingView.swift in Sources */ = {isa = PBXBuildFile; fileRef = 839601872B964108007FB1F4 /* LoadingView.swift */; };
		8396018C2B96410B007FB1F4 /* Assets.xcassets in Resources */ = {isa = PBXBuildFile; fileRef = 8396018B2B96410B007FB1F4 /* Assets.xcassets */; };
		8396018F2B96410B007FB1F4 /* Preview Assets.xcassets in Resources */ = {isa = PBXBuildFile; fileRef = 8396018E2B96410B007FB1F4 /* Preview Assets.xcassets */; };
		839601942B9663BF007FB1F4 /* MovieResponse.swift in Sources */ = {isa = PBXBuildFile; fileRef = 838F7C3223D2AEBE005CF45B /* MovieResponse.swift */; };
		839601952B9663C2007FB1F4 /* MoviesAPIResponse.swift in Sources */ = {isa = PBXBuildFile; fileRef = 838F7C3723D2C4CA005CF45B /* MoviesAPIResponse.swift */; };
		839601962B9663C8007FB1F4 /* ActorResponse.swift in Sources */ = {isa = PBXBuildFile; fileRef = 839004992427E15C007D4E32 /* ActorResponse.swift */; };
		839601972B9663D0007FB1F4 /* CreditsAPIResponse.swift in Sources */ = {isa = PBXBuildFile; fileRef = 8390049B242801D6007D4E32 /* CreditsAPIResponse.swift */; };
		839601982B9663D3007FB1F4 /* PersonResponse.swift in Sources */ = {isa = PBXBuildFile; fileRef = 831CA63724E95FD600DB6BF3 /* PersonResponse.swift */; };
		839601992B9663D7007FB1F4 /* PersonMovieCreditResponse.swift in Sources */ = {isa = PBXBuildFile; fileRef = 831CA63924E9648000DB6BF3 /* PersonMovieCreditResponse.swift */; };
		8396019A2B9663DC007FB1F4 /* PersonMovieCredits.swift in Sources */ = {isa = PBXBuildFile; fileRef = 831CA63B24E9743600DB6BF3 /* PersonMovieCredits.swift */; };
		8396019B2B9663E1007FB1F4 /* MovieDetailAPIResponse.swift in Sources */ = {isa = PBXBuildFile; fileRef = 831CA64924EB730E00DB6BF3 /* MovieDetailAPIResponse.swift */; };
		8396019C2B9663F2007FB1F4 /* GenreResponse.swift in Sources */ = {isa = PBXBuildFile; fileRef = 831CA64B24EB73B300DB6BF3 /* GenreResponse.swift */; };
		8396019D2B9663F5007FB1F4 /* VideosAPIResponse.swift in Sources */ = {isa = PBXBuildFile; fileRef = 83262F3624FF140F0090999D /* VideosAPIResponse.swift */; };
		8396019E2B9663F8007FB1F4 /* VideoResponse.swift in Sources */ = {isa = PBXBuildFile; fileRef = 83262F3824FF143C0090999D /* VideoResponse.swift */; };
		8396019F2B9663FC007FB1F4 /* TMDBClient.swift in Sources */ = {isa = PBXBuildFile; fileRef = 83262F4225024EBE0090999D /* TMDBClient.swift */; };
		839601A02B966562007FB1F4 /* MOError.swift in Sources */ = {isa = PBXBuildFile; fileRef = 838F7C3523D2B846005CF45B /* MOError.swift */; };
		839601A12B966581007FB1F4 /* NetworkManager.swift in Sources */ = {isa = PBXBuildFile; fileRef = 838F7C2F23D2A619005CF45B /* NetworkManager.swift */; };
		839601A22B96658D007FB1F4 /* PersistenceManager.swift in Sources */ = {isa = PBXBuildFile; fileRef = 831CA65324F153ED00DB6BF3 /* PersistenceManager.swift */; };
		839601A32B966595007FB1F4 /* Constants.swift in Sources */ = {isa = PBXBuildFile; fileRef = 839004932427D217007D4E32 /* Constants.swift */; };
		839601A42B9665AA007FB1F4 /* MovieCategorySearch.swift in Sources */ = {isa = PBXBuildFile; fileRef = 83262F4D2506C52F0090999D /* MovieCategorySearch.swift */; };
		83A372EB2B9B93CA0016FB4F /* LoadingViewModel.swift in Sources */ = {isa = PBXBuildFile; fileRef = 83A372EA2B9B93CA0016FB4F /* LoadingViewModel.swift */; };
		83A372ED2B9BBDE60016FB4F /* FeatureMovieView.swift in Sources */ = {isa = PBXBuildFile; fileRef = 83A372EC2B9BBDE60016FB4F /* FeatureMovieView.swift */; };
		83A372EE2B9BDF5F0016FB4F /* Assets.xcassets in Resources */ = {isa = PBXBuildFile; fileRef = 838F7C1923D27D9B005CF45B /* Assets.xcassets */; };
		83A372F02B9F61630016FB4F /* HomeScreenView.swift in Sources */ = {isa = PBXBuildFile; fileRef = 83A372EF2B9F61630016FB4F /* HomeScreenView.swift */; };
		83A372F22B9F786E0016FB4F /* PosterDetailView.swift in Sources */ = {isa = PBXBuildFile; fileRef = 83A372F12B9F786E0016FB4F /* PosterDetailView.swift */; };
		83A372F42B9F95290016FB4F /* MovieDetailView.swift in Sources */ = {isa = PBXBuildFile; fileRef = 83A372F32B9F95290016FB4F /* MovieDetailView.swift */; };
		83A372F62B9F99E50016FB4F /* MOImageLoaderView.swift in Sources */ = {isa = PBXBuildFile; fileRef = 83A372F52B9F99E50016FB4F /* MOImageLoaderView.swift */; };
		83A372F82BA77A970016FB4F /* CastView.swift in Sources */ = {isa = PBXBuildFile; fileRef = 83A372F72BA77A970016FB4F /* CastView.swift */; };
		83A372FD2BA780240016FB4F /* HeaderDetailsView.swift in Sources */ = {isa = PBXBuildFile; fileRef = 83A372FC2BA780240016FB4F /* HeaderDetailsView.swift */; };
		83A372FF2BA784030016FB4F /* GenresGridView.swift in Sources */ = {isa = PBXBuildFile; fileRef = 83A372FE2BA784030016FB4F /* GenresGridView.swift */; };
		83A893F623F8E7B500FB9185 /* TitleSupplementaryView.swift in Sources */ = {isa = PBXBuildFile; fileRef = 83A893F523F8E7B500FB9185 /* TitleSupplementaryView.swift */; };
		83A893F823F8F52600FB9185 /* MOBackdropImageView.swift in Sources */ = {isa = PBXBuildFile; fileRef = 83A893F723F8F52600FB9185 /* MOBackdropImageView.swift */; };
		83A893FA23F8F6DE00FB9185 /* FeatureMovieCell.swift in Sources */ = {isa = PBXBuildFile; fileRef = 83A893F923F8F6DE00FB9185 /* FeatureMovieCell.swift */; };
		83A893FF23F9CCB500FB9185 /* UIColor+Ext.swift in Sources */ = {isa = PBXBuildFile; fileRef = 83A893FE23F9CCB500FB9185 /* UIColor+Ext.swift */; };
		83C7618F2511829800787CB3 /* MOEmptySearchView.swift in Sources */ = {isa = PBXBuildFile; fileRef = 83C7618E2511829800787CB3 /* MOEmptySearchView.swift */; };
		83C761912511A27A00787CB3 /* README.md in Resources */ = {isa = PBXBuildFile; fileRef = 83C761902511A27A00787CB3 /* README.md */; };
		83D619D32400AA3000E21320 /* MovieDetailsVC.swift in Sources */ = {isa = PBXBuildFile; fileRef = 83D619D22400AA3000E21320 /* MovieDetailsVC.swift */; };
		83D619D52400B3F800E21320 /* MOGenresLabel.swift in Sources */ = {isa = PBXBuildFile; fileRef = 83D619D42400B3F800E21320 /* MOGenresLabel.swift */; };
		83D619D92400BD5D00E21320 /* Localizable.strings in Resources */ = {isa = PBXBuildFile; fileRef = 83D619DB2400BD5D00E21320 /* Localizable.strings */; };
		83D619DF241347B500E21320 /* MOHighlightInfoView.swift in Sources */ = {isa = PBXBuildFile; fileRef = 83D619DE241347B500E21320 /* MOHighlightInfoView.swift */; };
/* End PBXBuildFile section */

/* Begin PBXFileReference section */
		831CA63724E95FD600DB6BF3 /* PersonResponse.swift */ = {isa = PBXFileReference; lastKnownFileType = sourcecode.swift; path = PersonResponse.swift; sourceTree = "<group>"; };
		831CA63924E9648000DB6BF3 /* PersonMovieCreditResponse.swift */ = {isa = PBXFileReference; lastKnownFileType = sourcecode.swift; path = PersonMovieCreditResponse.swift; sourceTree = "<group>"; };
		831CA63B24E9743600DB6BF3 /* PersonMovieCredits.swift */ = {isa = PBXFileReference; lastKnownFileType = sourcecode.swift; path = PersonMovieCredits.swift; sourceTree = "<group>"; };
		831CA64124E9A45500DB6BF3 /* MOPersonInfoView.swift */ = {isa = PBXFileReference; lastKnownFileType = sourcecode.swift; path = MOPersonInfoView.swift; sourceTree = "<group>"; };
		831CA64324E9A7D100DB6BF3 /* MOPersonCreditsView.swift */ = {isa = PBXFileReference; lastKnownFileType = sourcecode.swift; path = MOPersonCreditsView.swift; sourceTree = "<group>"; };
		831CA64524E9AA5700DB6BF3 /* PersonCreditsCell.swift */ = {isa = PBXFileReference; lastKnownFileType = sourcecode.swift; path = PersonCreditsCell.swift; sourceTree = "<group>"; };
		831CA64724E9AC3000DB6BF3 /* PersonDetailsVC.swift */ = {isa = PBXFileReference; lastKnownFileType = sourcecode.swift; path = PersonDetailsVC.swift; sourceTree = "<group>"; };
		831CA64924EB730E00DB6BF3 /* MovieDetailAPIResponse.swift */ = {isa = PBXFileReference; lastKnownFileType = sourcecode.swift; path = MovieDetailAPIResponse.swift; sourceTree = "<group>"; };
		831CA64B24EB73B300DB6BF3 /* GenreResponse.swift */ = {isa = PBXFileReference; lastKnownFileType = sourcecode.swift; path = GenreResponse.swift; sourceTree = "<group>"; };
		831CA64D24EC90B600DB6BF3 /* SearchVC.swift */ = {isa = PBXFileReference; lastKnownFileType = sourcecode.swift; path = SearchVC.swift; sourceTree = "<group>"; };
		831CA64F24EE03FD00DB6BF3 /* FavoriteMovieCell.swift */ = {isa = PBXFileReference; lastKnownFileType = sourcecode.swift; path = FavoriteMovieCell.swift; sourceTree = "<group>"; };
		831CA65124F0BF8D00DB6BF3 /* MOFavoriteButtonImageView.swift */ = {isa = PBXFileReference; lastKnownFileType = sourcecode.swift; path = MOFavoriteButtonImageView.swift; sourceTree = "<group>"; };
		831CA65324F153ED00DB6BF3 /* PersistenceManager.swift */ = {isa = PBXFileReference; lastKnownFileType = sourcecode.swift; path = PersistenceManager.swift; sourceTree = "<group>"; };
		831CA65624F166D900DB6BF3 /* MovieOS.xcdatamodel */ = {isa = PBXFileReference; lastKnownFileType = wrapper.xcdatamodel; path = MovieOS.xcdatamodel; sourceTree = "<group>"; };
		831CA65A24F17E2B00DB6BF3 /* Movie+Ext.swift */ = {isa = PBXFileReference; lastKnownFileType = sourcecode.swift; path = "Movie+Ext.swift"; sourceTree = "<group>"; };
		831CA65C24F1834500DB6BF3 /* Person+Ext.swift */ = {isa = PBXFileReference; lastKnownFileType = sourcecode.swift; path = "Person+Ext.swift"; sourceTree = "<group>"; };
		831CA65E24F1841000DB6BF3 /* PersonMovieCredit+Ext.swift */ = {isa = PBXFileReference; lastKnownFileType = sourcecode.swift; path = "PersonMovieCredit+Ext.swift"; sourceTree = "<group>"; };
		831CA66024F2B51800DB6BF3 /* Actor+Ext.swift */ = {isa = PBXFileReference; lastKnownFileType = sourcecode.swift; path = "Actor+Ext.swift"; sourceTree = "<group>"; };
		831CA66624F2EE3700DB6BF3 /* MOPersonCreditImageView.swift */ = {isa = PBXFileReference; lastKnownFileType = sourcecode.swift; path = MOPersonCreditImageView.swift; sourceTree = "<group>"; };
		831CA66824F2F29700DB6BF3 /* MOPersonProfileImageView.swift */ = {isa = PBXFileReference; lastKnownFileType = sourcecode.swift; path = MOPersonProfileImageView.swift; sourceTree = "<group>"; };
		831CA66A24FAA4AF00DB6BF3 /* LoadingMoviesVC.swift */ = {isa = PBXFileReference; lastKnownFileType = sourcecode.swift; path = LoadingMoviesVC.swift; sourceTree = "<group>"; };
		83262F3624FF140F0090999D /* VideosAPIResponse.swift */ = {isa = PBXFileReference; lastKnownFileType = sourcecode.swift; path = VideosAPIResponse.swift; sourceTree = "<group>"; };
		83262F3824FF143C0090999D /* VideoResponse.swift */ = {isa = PBXFileReference; lastKnownFileType = sourcecode.swift; path = VideoResponse.swift; sourceTree = "<group>"; };
		83262F3A24FFAA480090999D /* Video+Ext.swift */ = {isa = PBXFileReference; lastKnownFileType = sourcecode.swift; path = "Video+Ext.swift"; sourceTree = "<group>"; };
		83262F3C2500FD420090999D /* MOTrailerImageView.swift */ = {isa = PBXFileReference; lastKnownFileType = sourcecode.swift; path = MOTrailerImageView.swift; sourceTree = "<group>"; };
		83262F3E2500FEAC0090999D /* MovieTrailerCell.swift */ = {isa = PBXFileReference; lastKnownFileType = sourcecode.swift; path = MovieTrailerCell.swift; sourceTree = "<group>"; };
		83262F40250101490090999D /* MOMovieTrailersView.swift */ = {isa = PBXFileReference; lastKnownFileType = sourcecode.swift; path = MOMovieTrailersView.swift; sourceTree = "<group>"; };
		83262F4225024EBE0090999D /* TMDBClient.swift */ = {isa = PBXFileReference; lastKnownFileType = sourcecode.swift; path = TMDBClient.swift; sourceTree = "<group>"; };
		83262F442503AB2F0090999D /* Genre+Ext.swift */ = {isa = PBXFileReference; lastKnownFileType = sourcecode.swift; path = "Genre+Ext.swift"; sourceTree = "<group>"; };
		83262F4B2506C2AA0090999D /* MovieCategoryCell.swift */ = {isa = PBXFileReference; lastKnownFileType = sourcecode.swift; path = MovieCategoryCell.swift; sourceTree = "<group>"; };
		83262F4D2506C52F0090999D /* MovieCategorySearch.swift */ = {isa = PBXFileReference; lastKnownFileType = sourcecode.swift; path = MovieCategorySearch.swift; sourceTree = "<group>"; };
		83262F4F25085CA70090999D /* SearchCategoryDetailsVC.swift */ = {isa = PBXFileReference; lastKnownFileType = sourcecode.swift; path = SearchCategoryDetailsVC.swift; sourceTree = "<group>"; };
		832B58832443D20100327E06 /* MOHeaderBackdropView.swift */ = {isa = PBXFileReference; lastKnownFileType = sourcecode.swift; path = MOHeaderBackdropView.swift; sourceTree = "<group>"; };
		832B58852443EC5600327E06 /* CAGradientLayer+Ext.swift */ = {isa = PBXFileReference; lastKnownFileType = sourcecode.swift; path = "CAGradientLayer+Ext.swift"; sourceTree = "<group>"; };
		832B58872443F2D400327E06 /* UIViewController+Ext.swift */ = {isa = PBXFileReference; lastKnownFileType = sourcecode.swift; path = "UIViewController+Ext.swift"; sourceTree = "<group>"; };
		834BCB1125307AEE00DF2E33 /* es */ = {isa = PBXFileReference; lastKnownFileType = text.plist.strings; name = es; path = es.lproj/Localizable.strings; sourceTree = "<group>"; };
		834BCB1525312F6900DF2E33 /* SettingsVC.swift */ = {isa = PBXFileReference; lastKnownFileType = sourcecode.swift; path = SettingsVC.swift; sourceTree = "<group>"; };
		834BCB1825313A3600DF2E33 /* TMDBattributionView.swift */ = {isa = PBXFileReference; lastKnownFileType = sourcecode.swift; path = TMDBattributionView.swift; sourceTree = "<group>"; };
		835A2B5C25293370007EB53E /* MOPlayerViewController.swift */ = {isa = PBXFileReference; lastKnownFileType = sourcecode.swift; path = MOPlayerViewController.swift; sourceTree = "<group>"; };
		8364F8B5251A09C8008A9B7F /* MOTabBarController.swift */ = {isa = PBXFileReference; lastKnownFileType = sourcecode.swift; path = MOTabBarController.swift; sourceTree = "<group>"; };
		8374628D23F8E2D6003AD63E /* UIView+Ext.swift */ = {isa = PBXFileReference; lastKnownFileType = sourcecode.swift; path = "UIView+Ext.swift"; sourceTree = "<group>"; };
		838F7C0D23D27D9A005CF45B /* MovieOSLite.app */ = {isa = PBXFileReference; explicitFileType = wrapper.application; includeInIndex = 0; path = MovieOSLite.app; sourceTree = BUILT_PRODUCTS_DIR; };
		838F7C1023D27D9A005CF45B /* AppDelegate.swift */ = {isa = PBXFileReference; lastKnownFileType = sourcecode.swift; path = AppDelegate.swift; sourceTree = "<group>"; };
		838F7C1223D27D9A005CF45B /* SceneDelegate.swift */ = {isa = PBXFileReference; lastKnownFileType = sourcecode.swift; path = SceneDelegate.swift; sourceTree = "<group>"; };
		838F7C1923D27D9B005CF45B /* Assets.xcassets */ = {isa = PBXFileReference; lastKnownFileType = folder.assetcatalog; path = Assets.xcassets; sourceTree = "<group>"; };
		838F7C1C23D27D9B005CF45B /* Base */ = {isa = PBXFileReference; lastKnownFileType = file.storyboard; name = Base; path = Base.lproj/LaunchScreen.storyboard; sourceTree = "<group>"; };
		838F7C1E23D27D9B005CF45B /* Info.plist */ = {isa = PBXFileReference; lastKnownFileType = text.plist.xml; path = Info.plist; sourceTree = "<group>"; };
		838F7C2523D2810C005CF45B /* HomeVC.swift */ = {isa = PBXFileReference; lastKnownFileType = sourcecode.swift; path = HomeVC.swift; sourceTree = "<group>"; };
		838F7C2723D2814D005CF45B /* FavoritesVC.swift */ = {isa = PBXFileReference; lastKnownFileType = sourcecode.swift; path = FavoritesVC.swift; sourceTree = "<group>"; };
		838F7C2A23D29ACB005CF45B /* MOTitleLabel.swift */ = {isa = PBXFileReference; lastKnownFileType = sourcecode.swift; path = MOTitleLabel.swift; sourceTree = "<group>"; };
		838F7C2C23D2A2E5005CF45B /* MOPosterImageView.swift */ = {isa = PBXFileReference; lastKnownFileType = sourcecode.swift; path = MOPosterImageView.swift; sourceTree = "<group>"; };
		838F7C2F23D2A619005CF45B /* NetworkManager.swift */ = {isa = PBXFileReference; lastKnownFileType = sourcecode.swift; path = NetworkManager.swift; sourceTree = "<group>"; };
		838F7C3223D2AEBE005CF45B /* MovieResponse.swift */ = {isa = PBXFileReference; lastKnownFileType = sourcecode.swift; path = MovieResponse.swift; sourceTree = "<group>"; };
		838F7C3523D2B846005CF45B /* MOError.swift */ = {isa = PBXFileReference; lastKnownFileType = sourcecode.swift; path = MOError.swift; sourceTree = "<group>"; };
		838F7C3723D2C4CA005CF45B /* MoviesAPIResponse.swift */ = {isa = PBXFileReference; lastKnownFileType = sourcecode.swift; path = MoviesAPIResponse.swift; sourceTree = "<group>"; };
		838F7C3B23D3B22A005CF45B /* MovieCell.swift */ = {isa = PBXFileReference; lastKnownFileType = sourcecode.swift; path = MovieCell.swift; sourceTree = "<group>"; };
		838F7C3D23D4D953005CF45B /* MOBodyLabel.swift */ = {isa = PBXFileReference; lastKnownFileType = sourcecode.swift; path = MOBodyLabel.swift; sourceTree = "<group>"; };
		838F7C3F23D4E77D005CF45B /* MORatingLabel.swift */ = {isa = PBXFileReference; lastKnownFileType = sourcecode.swift; path = MORatingLabel.swift; sourceTree = "<group>"; };
		838F7C4123D9BE16005CF45B /* UIHelper.swift */ = {isa = PBXFileReference; lastKnownFileType = sourcecode.swift; path = UIHelper.swift; sourceTree = "<group>"; };
		8390048F24205344007D4E32 /* MOGenresTagStackView.swift */ = {isa = PBXFileReference; lastKnownFileType = sourcecode.swift; path = MOGenresTagStackView.swift; sourceTree = "<group>"; };
		8390049124207685007D4E32 /* MOMovieInfoView.swift */ = {isa = PBXFileReference; lastKnownFileType = sourcecode.swift; path = MOMovieInfoView.swift; sourceTree = "<group>"; };
		839004932427D217007D4E32 /* Constants.swift */ = {isa = PBXFileReference; lastKnownFileType = sourcecode.swift; path = Constants.swift; sourceTree = "<group>"; };
		839004952427DD7B007D4E32 /* MOMovieCastView.swift */ = {isa = PBXFileReference; lastKnownFileType = sourcecode.swift; path = MOMovieCastView.swift; sourceTree = "<group>"; };
		839004972427DF08007D4E32 /* CastCell.swift */ = {isa = PBXFileReference; lastKnownFileType = sourcecode.swift; path = CastCell.swift; sourceTree = "<group>"; };
		839004992427E15C007D4E32 /* ActorResponse.swift */ = {isa = PBXFileReference; lastKnownFileType = sourcecode.swift; path = ActorResponse.swift; sourceTree = "<group>"; };
		8390049B242801D6007D4E32 /* CreditsAPIResponse.swift */ = {isa = PBXFileReference; lastKnownFileType = sourcecode.swift; path = CreditsAPIResponse.swift; sourceTree = "<group>"; };
		8390049D24280C0C007D4E32 /* MOCastImageView.swift */ = {isa = PBXFileReference; lastKnownFileType = sourcecode.swift; path = MOCastImageView.swift; sourceTree = "<group>"; };
		8396017F2B964108007FB1F4 /* MovieOSVision.app */ = {isa = PBXFileReference; explicitFileType = wrapper.application; includeInIndex = 0; path = MovieOSVision.app; sourceTree = BUILT_PRODUCTS_DIR; };
		839601852B964108007FB1F4 /* MovieOSVisionApp.swift */ = {isa = PBXFileReference; lastKnownFileType = sourcecode.swift; path = MovieOSVisionApp.swift; sourceTree = "<group>"; };
		839601872B964108007FB1F4 /* LoadingView.swift */ = {isa = PBXFileReference; lastKnownFileType = sourcecode.swift; path = LoadingView.swift; sourceTree = "<group>"; };
		8396018B2B96410B007FB1F4 /* Assets.xcassets */ = {isa = PBXFileReference; lastKnownFileType = folder.assetcatalog; path = Assets.xcassets; sourceTree = "<group>"; };
		8396018E2B96410B007FB1F4 /* Preview Assets.xcassets */ = {isa = PBXFileReference; lastKnownFileType = folder.assetcatalog; path = "Preview Assets.xcassets"; sourceTree = "<group>"; };
		839601902B96410B007FB1F4 /* Info.plist */ = {isa = PBXFileReference; lastKnownFileType = text.plist.xml; path = Info.plist; sourceTree = "<group>"; };
		83A372EA2B9B93CA0016FB4F /* LoadingViewModel.swift */ = {isa = PBXFileReference; lastKnownFileType = sourcecode.swift; path = LoadingViewModel.swift; sourceTree = "<group>"; };
		83A372EC2B9BBDE60016FB4F /* FeatureMovieView.swift */ = {isa = PBXFileReference; lastKnownFileType = sourcecode.swift; path = FeatureMovieView.swift; sourceTree = "<group>"; };
		83A372EF2B9F61630016FB4F /* HomeScreenView.swift */ = {isa = PBXFileReference; lastKnownFileType = sourcecode.swift; path = HomeScreenView.swift; sourceTree = "<group>"; };
		83A372F12B9F786E0016FB4F /* PosterDetailView.swift */ = {isa = PBXFileReference; lastKnownFileType = sourcecode.swift; path = PosterDetailView.swift; sourceTree = "<group>"; };
		83A372F32B9F95290016FB4F /* MovieDetailView.swift */ = {isa = PBXFileReference; lastKnownFileType = sourcecode.swift; path = MovieDetailView.swift; sourceTree = "<group>"; };
		83A372F52B9F99E50016FB4F /* MOImageLoaderView.swift */ = {isa = PBXFileReference; lastKnownFileType = sourcecode.swift; path = MOImageLoaderView.swift; sourceTree = "<group>"; };
		83A372F72BA77A970016FB4F /* CastView.swift */ = {isa = PBXFileReference; lastKnownFileType = sourcecode.swift; path = CastView.swift; sourceTree = "<group>"; };
		83A372FC2BA780240016FB4F /* HeaderDetailsView.swift */ = {isa = PBXFileReference; lastKnownFileType = sourcecode.swift; path = HeaderDetailsView.swift; sourceTree = "<group>"; };
		83A372FE2BA784030016FB4F /* GenresGridView.swift */ = {isa = PBXFileReference; lastKnownFileType = sourcecode.swift; path = GenresGridView.swift; sourceTree = "<group>"; };
		83A893F523F8E7B500FB9185 /* TitleSupplementaryView.swift */ = {isa = PBXFileReference; lastKnownFileType = sourcecode.swift; path = TitleSupplementaryView.swift; sourceTree = "<group>"; };
		83A893F723F8F52600FB9185 /* MOBackdropImageView.swift */ = {isa = PBXFileReference; lastKnownFileType = sourcecode.swift; path = MOBackdropImageView.swift; sourceTree = "<group>"; };
		83A893F923F8F6DE00FB9185 /* FeatureMovieCell.swift */ = {isa = PBXFileReference; lastKnownFileType = sourcecode.swift; path = FeatureMovieCell.swift; sourceTree = "<group>"; };
		83A893FE23F9CCB500FB9185 /* UIColor+Ext.swift */ = {isa = PBXFileReference; lastKnownFileType = sourcecode.swift; path = "UIColor+Ext.swift"; sourceTree = "<group>"; };
		83C7618E2511829800787CB3 /* MOEmptySearchView.swift */ = {isa = PBXFileReference; lastKnownFileType = sourcecode.swift; path = MOEmptySearchView.swift; sourceTree = "<group>"; };
		83C761902511A27A00787CB3 /* README.md */ = {isa = PBXFileReference; lastKnownFileType = net.daringfireball.markdown; path = README.md; sourceTree = "<group>"; };
		83D619D22400AA3000E21320 /* MovieDetailsVC.swift */ = {isa = PBXFileReference; lastKnownFileType = sourcecode.swift; path = MovieDetailsVC.swift; sourceTree = "<group>"; };
		83D619D42400B3F800E21320 /* MOGenresLabel.swift */ = {isa = PBXFileReference; lastKnownFileType = sourcecode.swift; path = MOGenresLabel.swift; sourceTree = "<group>"; };
		83D619DA2400BD5D00E21320 /* en */ = {isa = PBXFileReference; lastKnownFileType = text.plist.strings; name = en; path = en.lproj/Localizable.strings; sourceTree = "<group>"; };
		83D619DC2400BD6300E21320 /* es-419 */ = {isa = PBXFileReference; lastKnownFileType = text.plist.strings; name = "es-419"; path = "es-419.lproj/Localizable.strings"; sourceTree = "<group>"; };
		83D619DE241347B500E21320 /* MOHighlightInfoView.swift */ = {isa = PBXFileReference; lastKnownFileType = sourcecode.swift; path = MOHighlightInfoView.swift; sourceTree = "<group>"; };
/* End PBXFileReference section */

/* Begin PBXFrameworksBuildPhase section */
		838F7C0A23D27D9A005CF45B /* Frameworks */ = {
			isa = PBXFrameworksBuildPhase;
			buildActionMask = 2147483647;
			files = (
				838DB6AF2B8EB66500549B7B /* YouTubePlayerKit in Frameworks */,
			);
			runOnlyForDeploymentPostprocessing = 0;
		};
		8396017C2B964108007FB1F4 /* Frameworks */ = {
			isa = PBXFrameworksBuildPhase;
			buildActionMask = 2147483647;
			files = (
			);
			runOnlyForDeploymentPostprocessing = 0;
		};
/* End PBXFrameworksBuildPhase section */

/* Begin PBXGroup section */
		831CA65824F176F600DB6BF3 /* TMDB */ = {
			isa = PBXGroup;
			children = (
				838F7C3223D2AEBE005CF45B /* MovieResponse.swift */,
				838F7C3723D2C4CA005CF45B /* MoviesAPIResponse.swift */,
				839004992427E15C007D4E32 /* ActorResponse.swift */,
				8390049B242801D6007D4E32 /* CreditsAPIResponse.swift */,
				831CA63724E95FD600DB6BF3 /* PersonResponse.swift */,
				831CA63924E9648000DB6BF3 /* PersonMovieCreditResponse.swift */,
				831CA63B24E9743600DB6BF3 /* PersonMovieCredits.swift */,
				831CA64924EB730E00DB6BF3 /* MovieDetailAPIResponse.swift */,
				831CA64B24EB73B300DB6BF3 /* GenreResponse.swift */,
				83262F3624FF140F0090999D /* VideosAPIResponse.swift */,
				83262F3824FF143C0090999D /* VideoResponse.swift */,
				83262F4225024EBE0090999D /* TMDBClient.swift */,
			);
			path = TMDB;
			sourceTree = "<group>";
		};
		831CA65924F17DFA00DB6BF3 /* Manage Object Extension */ = {
			isa = PBXGroup;
			children = (
				831CA65A24F17E2B00DB6BF3 /* Movie+Ext.swift */,
				831CA65C24F1834500DB6BF3 /* Person+Ext.swift */,
				831CA65E24F1841000DB6BF3 /* PersonMovieCredit+Ext.swift */,
				831CA66024F2B51800DB6BF3 /* Actor+Ext.swift */,
				83262F3A24FFAA480090999D /* Video+Ext.swift */,
				83262F442503AB2F0090999D /* Genre+Ext.swift */,
			);
			path = "Manage Object Extension";
			sourceTree = "<group>";
		};
		8359C1AC23F8C87C00090826 /* Cells */ = {
			isa = PBXGroup;
			children = (
				838F7C3B23D3B22A005CF45B /* MovieCell.swift */,
				83A893F523F8E7B500FB9185 /* TitleSupplementaryView.swift */,
				83A893F923F8F6DE00FB9185 /* FeatureMovieCell.swift */,
				839004972427DF08007D4E32 /* CastCell.swift */,
				831CA64524E9AA5700DB6BF3 /* PersonCreditsCell.swift */,
				831CA64F24EE03FD00DB6BF3 /* FavoriteMovieCell.swift */,
				83262F3E2500FEAC0090999D /* MovieTrailerCell.swift */,
				83262F4B2506C2AA0090999D /* MovieCategoryCell.swift */,
			);
			path = Cells;
			sourceTree = "<group>";
		};
		8359C1AD23F8C89100090826 /* Labels */ = {
			isa = PBXGroup;
			children = (
				838F7C2A23D29ACB005CF45B /* MOTitleLabel.swift */,
				838F7C3D23D4D953005CF45B /* MOBodyLabel.swift */,
				838F7C3F23D4E77D005CF45B /* MORatingLabel.swift */,
				83D619D42400B3F800E21320 /* MOGenresLabel.swift */,
			);
			path = Labels;
			sourceTree = "<group>";
		};
		8359C1AE23F8C8A500090826 /* Images Views */ = {
			isa = PBXGroup;
			children = (
				838F7C2C23D2A2E5005CF45B /* MOPosterImageView.swift */,
				831CA66824F2F29700DB6BF3 /* MOPersonProfileImageView.swift */,
				83A893F723F8F52600FB9185 /* MOBackdropImageView.swift */,
				8390049D24280C0C007D4E32 /* MOCastImageView.swift */,
				831CA66624F2EE3700DB6BF3 /* MOPersonCreditImageView.swift */,
				831CA65124F0BF8D00DB6BF3 /* MOFavoriteButtonImageView.swift */,
				83262F3C2500FD420090999D /* MOTrailerImageView.swift */,
			);
			path = "Images Views";
			sourceTree = "<group>";
		};
		8364F8B2251A0970008A9B7F /* View Controllers */ = {
			isa = PBXGroup;
			children = (
				8364F8B5251A09C8008A9B7F /* MOTabBarController.swift */,
				835A2B5C25293370007EB53E /* MOPlayerViewController.swift */,
			);
			path = "View Controllers";
			sourceTree = "<group>";
		};
		8374628C23F8E2B8003AD63E /* Extensions */ = {
			isa = PBXGroup;
			children = (
				8374628D23F8E2D6003AD63E /* UIView+Ext.swift */,
				83A893FE23F9CCB500FB9185 /* UIColor+Ext.swift */,
				832B58852443EC5600327E06 /* CAGradientLayer+Ext.swift */,
				832B58872443F2D400327E06 /* UIViewController+Ext.swift */,
			);
			path = Extensions;
			sourceTree = "<group>";
		};
		838F7C0423D27D9A005CF45B = {
			isa = PBXGroup;
			children = (
				83C761902511A27A00787CB3 /* README.md */,
				838F7C0F23D27D9A005CF45B /* MovieOSLite */,
				839601802B964108007FB1F4 /* MovieOSVision */,
				838F7C0E23D27D9A005CF45B /* Products */,
			);
			sourceTree = "<group>";
		};
		838F7C0E23D27D9A005CF45B /* Products */ = {
			isa = PBXGroup;
			children = (
				838F7C0D23D27D9A005CF45B /* MovieOSLite.app */,
				8396017F2B964108007FB1F4 /* MovieOSVision.app */,
			);
			name = Products;
			sourceTree = "<group>";
		};
		838F7C0F23D27D9A005CF45B /* MovieOSLite */ = {
			isa = PBXGroup;
			children = (
				831CA65824F176F600DB6BF3 /* TMDB */,
				8374628C23F8E2B8003AD63E /* Extensions */,
				838F7C3423D2B822005CF45B /* Utilities */,
				838F7C3123D2ACBF005CF45B /* Models */,
				838F7C2E23D2A5A7005CF45B /* Managers */,
				838F7C2923D28D97005CF45B /* Custom Views */,
				838F7C2423D280E6005CF45B /* Screens */,
				838F7C1023D27D9A005CF45B /* AppDelegate.swift */,
				838F7C1223D27D9A005CF45B /* SceneDelegate.swift */,
				838F7C1923D27D9B005CF45B /* Assets.xcassets */,
				838F7C1B23D27D9B005CF45B /* LaunchScreen.storyboard */,
				838F7C1E23D27D9B005CF45B /* Info.plist */,
				83D619DB2400BD5D00E21320 /* Localizable.strings */,
			);
			path = MovieOSLite;
			sourceTree = "<group>";
		};
		838F7C2423D280E6005CF45B /* Screens */ = {
			isa = PBXGroup;
			children = (
				838F7C2523D2810C005CF45B /* HomeVC.swift */,
				838F7C2723D2814D005CF45B /* FavoritesVC.swift */,
				83D619D22400AA3000E21320 /* MovieDetailsVC.swift */,
				831CA64724E9AC3000DB6BF3 /* PersonDetailsVC.swift */,
				831CA64D24EC90B600DB6BF3 /* SearchVC.swift */,
				831CA66A24FAA4AF00DB6BF3 /* LoadingMoviesVC.swift */,
				83262F4F25085CA70090999D /* SearchCategoryDetailsVC.swift */,
				834BCB1525312F6900DF2E33 /* SettingsVC.swift */,
			);
			path = Screens;
			sourceTree = "<group>";
		};
		838F7C2923D28D97005CF45B /* Custom Views */ = {
			isa = PBXGroup;
			children = (
				8364F8B2251A0970008A9B7F /* View Controllers */,
				83D619DD241346FF00E21320 /* Views */,
				8359C1AE23F8C8A500090826 /* Images Views */,
				8359C1AD23F8C89100090826 /* Labels */,
				8359C1AC23F8C87C00090826 /* Cells */,
			);
			path = "Custom Views";
			sourceTree = "<group>";
		};
		838F7C2E23D2A5A7005CF45B /* Managers */ = {
			isa = PBXGroup;
			children = (
				838F7C2F23D2A619005CF45B /* NetworkManager.swift */,
				831CA65324F153ED00DB6BF3 /* PersistenceManager.swift */,
			);
			path = Managers;
			sourceTree = "<group>";
		};
		838F7C3123D2ACBF005CF45B /* Models */ = {
			isa = PBXGroup;
			children = (
				831CA65924F17DFA00DB6BF3 /* Manage Object Extension */,
				831CA65524F166D900DB6BF3 /* MovieOS.xcdatamodeld */,
				83262F4D2506C52F0090999D /* MovieCategorySearch.swift */,
			);
			path = Models;
			sourceTree = "<group>";
		};
		838F7C3423D2B822005CF45B /* Utilities */ = {
			isa = PBXGroup;
			children = (
				838F7C3523D2B846005CF45B /* MOError.swift */,
				838F7C4123D9BE16005CF45B /* UIHelper.swift */,
				839004932427D217007D4E32 /* Constants.swift */,
			);
			path = Utilities;
			sourceTree = "<group>";
		};
		839601802B964108007FB1F4 /* MovieOSVision */ = {
			isa = PBXGroup;
			children = (
				839601852B964108007FB1F4 /* MovieOSVisionApp.swift */,
				83A372F92BA77EF30016FB4F /* Screens */,
				83A372FA2BA77F170016FB4F /* Custom Views */,
				8396018B2B96410B007FB1F4 /* Assets.xcassets */,
				839601902B96410B007FB1F4 /* Info.plist */,
				8396018D2B96410B007FB1F4 /* Preview Content */,
			);
			path = MovieOSVision;
			sourceTree = "<group>";
		};
		8396018D2B96410B007FB1F4 /* Preview Content */ = {
			isa = PBXGroup;
			children = (
				8396018E2B96410B007FB1F4 /* Preview Assets.xcassets */,
			);
			path = "Preview Content";
			sourceTree = "<group>";
		};
		83A372F92BA77EF30016FB4F /* Screens */ = {
			isa = PBXGroup;
			children = (
				83A372FB2BA77FB70016FB4F /* Loading View */,
				83A372EF2B9F61630016FB4F /* HomeScreenView.swift */,
				83A372F32B9F95290016FB4F /* MovieDetailView.swift */,
			);
			path = Screens;
			sourceTree = "<group>";
		};
		83A372FA2BA77F170016FB4F /* Custom Views */ = {
			isa = PBXGroup;
			children = (
				83A372EC2B9BBDE60016FB4F /* FeatureMovieView.swift */,
				83A372FC2BA780240016FB4F /* HeaderDetailsView.swift */,
				83A372FE2BA784030016FB4F /* GenresGridView.swift */,
				83A372F52B9F99E50016FB4F /* MOImageLoaderView.swift */,
				83A372F12B9F786E0016FB4F /* PosterDetailView.swift */,
				83A372F72BA77A970016FB4F /* CastView.swift */,
			);
			path = "Custom Views";
			sourceTree = "<group>";
		};
		83A372FB2BA77FB70016FB4F /* Loading View */ = {
			isa = PBXGroup;
			children = (
				839601872B964108007FB1F4 /* LoadingView.swift */,
				83A372EA2B9B93CA0016FB4F /* LoadingViewModel.swift */,
			);
			path = "Loading View";
			sourceTree = "<group>";
		};
		83D619DD241346FF00E21320 /* Views */ = {
			isa = PBXGroup;
			children = (
				83D619DE241347B500E21320 /* MOHighlightInfoView.swift */,
				8390048F24205344007D4E32 /* MOGenresTagStackView.swift */,
				8390049124207685007D4E32 /* MOMovieInfoView.swift */,
				839004952427DD7B007D4E32 /* MOMovieCastView.swift */,
				832B58832443D20100327E06 /* MOHeaderBackdropView.swift */,
				831CA64124E9A45500DB6BF3 /* MOPersonInfoView.swift */,
				831CA64324E9A7D100DB6BF3 /* MOPersonCreditsView.swift */,
				83262F40250101490090999D /* MOMovieTrailersView.swift */,
				83C7618E2511829800787CB3 /* MOEmptySearchView.swift */,
				834BCB1825313A3600DF2E33 /* TMDBattributionView.swift */,
			);
			path = Views;
			sourceTree = "<group>";
		};
/* End PBXGroup section */

/* Begin PBXNativeTarget section */
		838F7C0C23D27D9A005CF45B /* MovieOSLite */ = {
			isa = PBXNativeTarget;
			buildConfigurationList = 838F7C2123D27D9B005CF45B /* Build configuration list for PBXNativeTarget "MovieOSLite" */;
			buildPhases = (
				838F7C0923D27D9A005CF45B /* Sources */,
				838F7C0A23D27D9A005CF45B /* Frameworks */,
				838F7C0B23D27D9A005CF45B /* Resources */,
			);
			buildRules = (
			);
			dependencies = (
			);
			name = MovieOSLite;
			packageProductDependencies = (
				838DB6AE2B8EB66500549B7B /* YouTubePlayerKit */,
			);
			productName = MovieOSLite;
			productReference = 838F7C0D23D27D9A005CF45B /* MovieOSLite.app */;
			productType = "com.apple.product-type.application";
		};
		8396017E2B964108007FB1F4 /* MovieOSVision */ = {
			isa = PBXNativeTarget;
			buildConfigurationList = 839601912B96410B007FB1F4 /* Build configuration list for PBXNativeTarget "MovieOSVision" */;
			buildPhases = (
				8396017B2B964108007FB1F4 /* Sources */,
				8396017C2B964108007FB1F4 /* Frameworks */,
				8396017D2B964108007FB1F4 /* Resources */,
			);
			buildRules = (
			);
			dependencies = (
			);
			name = MovieOSVision;
			packageProductDependencies = (
			);
			productName = MovieOSVision;
			productReference = 8396017F2B964108007FB1F4 /* MovieOSVision.app */;
			productType = "com.apple.product-type.application";
		};
/* End PBXNativeTarget section */

/* Begin PBXProject section */
		838F7C0523D27D9A005CF45B /* Project object */ = {
			isa = PBXProject;
			attributes = {
				LastSwiftUpdateCheck = 1520;
				LastUpgradeCheck = 1200;
				ORGANIZATIONNAME = "Oscar Santos";
				TargetAttributes = {
					838F7C0C23D27D9A005CF45B = {
						CreatedOnToolsVersion = 11.3;
					};
					8396017E2B964108007FB1F4 = {
						CreatedOnToolsVersion = 15.2;
					};
				};
			};
			buildConfigurationList = 838F7C0823D27D9A005CF45B /* Build configuration list for PBXProject "MovieOSLite" */;
			compatibilityVersion = "Xcode 9.3";
			developmentRegion = en;
			hasScannedForEncodings = 0;
			knownRegions = (
				en,
				Base,
				"es-419",
				es,
			);
			mainGroup = 838F7C0423D27D9A005CF45B;
			packageReferences = (
				838DB6AD2B8EB66500549B7B /* XCRemoteSwiftPackageReference "YouTubePlayerKit" */,
			);
			productRefGroup = 838F7C0E23D27D9A005CF45B /* Products */;
			projectDirPath = "";
			projectRoot = "";
			targets = (
				838F7C0C23D27D9A005CF45B /* MovieOSLite */,
				8396017E2B964108007FB1F4 /* MovieOSVision */,
			);
		};
/* End PBXProject section */

/* Begin PBXResourcesBuildPhase section */
		838F7C0B23D27D9A005CF45B /* Resources */ = {
			isa = PBXResourcesBuildPhase;
			buildActionMask = 2147483647;
			files = (
				838F7C1D23D27D9B005CF45B /* LaunchScreen.storyboard in Resources */,
				83D619D92400BD5D00E21320 /* Localizable.strings in Resources */,
				83C761912511A27A00787CB3 /* README.md in Resources */,
				838F7C1A23D27D9B005CF45B /* Assets.xcassets in Resources */,
			);
			runOnlyForDeploymentPostprocessing = 0;
		};
		8396017D2B964108007FB1F4 /* Resources */ = {
			isa = PBXResourcesBuildPhase;
			buildActionMask = 2147483647;
			files = (
				8396018F2B96410B007FB1F4 /* Preview Assets.xcassets in Resources */,
				83A372EE2B9BDF5F0016FB4F /* Assets.xcassets in Resources */,
				8396018C2B96410B007FB1F4 /* Assets.xcassets in Resources */,
			);
			runOnlyForDeploymentPostprocessing = 0;
		};
/* End PBXResourcesBuildPhase section */

/* Begin PBXSourcesBuildPhase section */
		838F7C0923D27D9A005CF45B /* Sources */ = {
			isa = PBXSourcesBuildPhase;
			buildActionMask = 2147483647;
			files = (
				839004942427D217007D4E32 /* Constants.swift in Sources */,
				839004982427DF08007D4E32 /* CastCell.swift in Sources */,
				83262F3F2500FEAC0090999D /* MovieTrailerCell.swift in Sources */,
				838F7C2B23D29ACB005CF45B /* MOTitleLabel.swift in Sources */,
				83262F3724FF140F0090999D /* VideosAPIResponse.swift in Sources */,
				83A893FA23F8F6DE00FB9185 /* FeatureMovieCell.swift in Sources */,
				838F7C2D23D2A2E5005CF45B /* MOPosterImageView.swift in Sources */,
				831CA66124F2B51800DB6BF3 /* Actor+Ext.swift in Sources */,
				83A893F823F8F52600FB9185 /* MOBackdropImageView.swift in Sources */,
				83262F452503AB2F0090999D /* Genre+Ext.swift in Sources */,
				831CA65B24F17E2B00DB6BF3 /* Movie+Ext.swift in Sources */,
				831CA65224F0BF8D00DB6BF3 /* MOFavoriteButtonImageView.swift in Sources */,
				831CA64824E9AC3000DB6BF3 /* PersonDetailsVC.swift in Sources */,
				834BCB1925313A3600DF2E33 /* TMDBattributionView.swift in Sources */,
				831CA65D24F1834500DB6BF3 /* Person+Ext.swift in Sources */,
				8374628E23F8E2D6003AD63E /* UIView+Ext.swift in Sources */,
				831CA65724F166D900DB6BF3 /* MovieOS.xcdatamodeld in Sources */,
				831CA65F24F1841000DB6BF3 /* PersonMovieCredit+Ext.swift in Sources */,
				831CA64E24EC90B700DB6BF3 /* SearchVC.swift in Sources */,
				83D619DF241347B500E21320 /* MOHighlightInfoView.swift in Sources */,
				831CA65424F153EE00DB6BF3 /* PersistenceManager.swift in Sources */,
				834BCB1625312F6900DF2E33 /* SettingsVC.swift in Sources */,
				838F7C3823D2C4CA005CF45B /* MoviesAPIResponse.swift in Sources */,
				831CA66B24FAA4AF00DB6BF3 /* LoadingMoviesVC.swift in Sources */,
				838F7C3C23D3B22A005CF45B /* MovieCell.swift in Sources */,
				838F7C2823D2814D005CF45B /* FavoritesVC.swift in Sources */,
				838F7C3023D2A619005CF45B /* NetworkManager.swift in Sources */,
				831CA64424E9A7D100DB6BF3 /* MOPersonCreditsView.swift in Sources */,
				83262F4E2506C52F0090999D /* MovieCategorySearch.swift in Sources */,
				832B58842443D20100327E06 /* MOHeaderBackdropView.swift in Sources */,
				831CA64224E9A45600DB6BF3 /* MOPersonInfoView.swift in Sources */,
				838F7C2623D2810C005CF45B /* HomeVC.swift in Sources */,
				831CA63824E95FD600DB6BF3 /* PersonResponse.swift in Sources */,
				832B58882443F2D400327E06 /* UIViewController+Ext.swift in Sources */,
				838F7C1123D27D9A005CF45B /* AppDelegate.swift in Sources */,
				838F7C3323D2AEBE005CF45B /* MovieResponse.swift in Sources */,
				8390049E24280C0C007D4E32 /* MOCastImageView.swift in Sources */,
				838F7C3623D2B846005CF45B /* MOError.swift in Sources */,
				8390049A2427E15C007D4E32 /* ActorResponse.swift in Sources */,
				83262F3924FF143C0090999D /* VideoResponse.swift in Sources */,
				838F7C4023D4E77D005CF45B /* MORatingLabel.swift in Sources */,
				83262F41250101490090999D /* MOMovieTrailersView.swift in Sources */,
				83C7618F2511829800787CB3 /* MOEmptySearchView.swift in Sources */,
				835A2B5D25293370007EB53E /* MOPlayerViewController.swift in Sources */,
				83262F5025085CA70090999D /* SearchCategoryDetailsVC.swift in Sources */,
				8364F8B6251A09C8008A9B7F /* MOTabBarController.swift in Sources */,
				83D619D32400AA3000E21320 /* MovieDetailsVC.swift in Sources */,
				838F7C3E23D4D953005CF45B /* MOBodyLabel.swift in Sources */,
				83262F3B24FFAA480090999D /* Video+Ext.swift in Sources */,
				831CA64C24EB73B300DB6BF3 /* GenreResponse.swift in Sources */,
				83262F4C2506C2AA0090999D /* MovieCategoryCell.swift in Sources */,
				831CA66724F2EE3700DB6BF3 /* MOPersonCreditImageView.swift in Sources */,
				8390049C242801D6007D4E32 /* CreditsAPIResponse.swift in Sources */,
				831CA65024EE03FD00DB6BF3 /* FavoriteMovieCell.swift in Sources */,
				8390049024205344007D4E32 /* MOGenresTagStackView.swift in Sources */,
				83A893F623F8E7B500FB9185 /* TitleSupplementaryView.swift in Sources */,
				839004962427DD7B007D4E32 /* MOMovieCastView.swift in Sources */,
				8390049224207685007D4E32 /* MOMovieInfoView.swift in Sources */,
				83A893FF23F9CCB500FB9185 /* UIColor+Ext.swift in Sources */,
				831CA66924F2F29700DB6BF3 /* MOPersonProfileImageView.swift in Sources */,
				838F7C1323D27D9A005CF45B /* SceneDelegate.swift in Sources */,
				838F7C4223D9BE17005CF45B /* UIHelper.swift in Sources */,
				831CA63C24E9743600DB6BF3 /* PersonMovieCredits.swift in Sources */,
				831CA64A24EB730E00DB6BF3 /* MovieDetailAPIResponse.swift in Sources */,
				83262F4325024EBE0090999D /* TMDBClient.swift in Sources */,
				83D619D52400B3F800E21320 /* MOGenresLabel.swift in Sources */,
				83262F3D2500FD420090999D /* MOTrailerImageView.swift in Sources */,
				832B58862443EC5600327E06 /* CAGradientLayer+Ext.swift in Sources */,
				831CA64624E9AA5700DB6BF3 /* PersonCreditsCell.swift in Sources */,
				831CA63A24E9648000DB6BF3 /* PersonMovieCreditResponse.swift in Sources */,
			);
			runOnlyForDeploymentPostprocessing = 0;
		};
		8396017B2B964108007FB1F4 /* Sources */ = {
			isa = PBXSourcesBuildPhase;
			buildActionMask = 2147483647;
			files = (
				8396019F2B9663FC007FB1F4 /* TMDBClient.swift in Sources */,
				839601A32B966595007FB1F4 /* Constants.swift in Sources */,
				839601962B9663C8007FB1F4 /* ActorResponse.swift in Sources */,
				8396019B2B9663E1007FB1F4 /* MovieDetailAPIResponse.swift in Sources */,
				83A372ED2B9BBDE60016FB4F /* FeatureMovieView.swift in Sources */,
				8396019C2B9663F2007FB1F4 /* GenreResponse.swift in Sources */,
				83A372FD2BA780240016FB4F /* HeaderDetailsView.swift in Sources */,
				83A372F42B9F95290016FB4F /* MovieDetailView.swift in Sources */,
				83A372F22B9F786E0016FB4F /* PosterDetailView.swift in Sources */,
				839601882B964108007FB1F4 /* LoadingView.swift in Sources */,
				83A372F82BA77A970016FB4F /* CastView.swift in Sources */,
				83A372F02B9F61630016FB4F /* HomeScreenView.swift in Sources */,
				839601972B9663D0007FB1F4 /* CreditsAPIResponse.swift in Sources */,
				839601942B9663BF007FB1F4 /* MovieResponse.swift in Sources */,
				839601A42B9665AA007FB1F4 /* MovieCategorySearch.swift in Sources */,
				8396019A2B9663DC007FB1F4 /* PersonMovieCredits.swift in Sources */,
				839601952B9663C2007FB1F4 /* MoviesAPIResponse.swift in Sources */,
				839601982B9663D3007FB1F4 /* PersonResponse.swift in Sources */,
				839601A12B966581007FB1F4 /* NetworkManager.swift in Sources */,
				8396019D2B9663F5007FB1F4 /* VideosAPIResponse.swift in Sources */,
				83A372FF2BA784030016FB4F /* GenresGridView.swift in Sources */,
				8396019E2B9663F8007FB1F4 /* VideoResponse.swift in Sources */,
				83A372F62B9F99E50016FB4F /* MOImageLoaderView.swift in Sources */,
				839601862B964108007FB1F4 /* MovieOSVisionApp.swift in Sources */,
				83A372EB2B9B93CA0016FB4F /* LoadingViewModel.swift in Sources */,
				839601A22B96658D007FB1F4 /* PersistenceManager.swift in Sources */,
				839601A02B966562007FB1F4 /* MOError.swift in Sources */,
				839601992B9663D7007FB1F4 /* PersonMovieCreditResponse.swift in Sources */,
			);
			runOnlyForDeploymentPostprocessing = 0;
		};
/* End PBXSourcesBuildPhase section */

/* Begin PBXVariantGroup section */
		838F7C1B23D27D9B005CF45B /* LaunchScreen.storyboard */ = {
			isa = PBXVariantGroup;
			children = (
				838F7C1C23D27D9B005CF45B /* Base */,
			);
			name = LaunchScreen.storyboard;
			sourceTree = "<group>";
		};
		83D619DB2400BD5D00E21320 /* Localizable.strings */ = {
			isa = PBXVariantGroup;
			children = (
				83D619DA2400BD5D00E21320 /* en */,
				83D619DC2400BD6300E21320 /* es-419 */,
				834BCB1125307AEE00DF2E33 /* es */,
			);
			name = Localizable.strings;
			sourceTree = "<group>";
		};
/* End PBXVariantGroup section */

/* Begin XCBuildConfiguration section */
		838F7C1F23D27D9B005CF45B /* Debug */ = {
			isa = XCBuildConfiguration;
			buildSettings = {
				ALWAYS_SEARCH_USER_PATHS = NO;
				CLANG_ANALYZER_LOCALIZABILITY_NONLOCALIZED = YES;
				CLANG_ANALYZER_NONNULL = YES;
				CLANG_ANALYZER_NUMBER_OBJECT_CONVERSION = YES_AGGRESSIVE;
				CLANG_CXX_LANGUAGE_STANDARD = "gnu++14";
				CLANG_CXX_LIBRARY = "libc++";
				CLANG_ENABLE_MODULES = YES;
				CLANG_ENABLE_OBJC_ARC = YES;
				CLANG_ENABLE_OBJC_WEAK = YES;
				CLANG_WARN_BLOCK_CAPTURE_AUTORELEASING = YES;
				CLANG_WARN_BOOL_CONVERSION = YES;
				CLANG_WARN_COMMA = YES;
				CLANG_WARN_CONSTANT_CONVERSION = YES;
				CLANG_WARN_DEPRECATED_OBJC_IMPLEMENTATIONS = YES;
				CLANG_WARN_DIRECT_OBJC_ISA_USAGE = YES_ERROR;
				CLANG_WARN_DOCUMENTATION_COMMENTS = YES;
				CLANG_WARN_EMPTY_BODY = YES;
				CLANG_WARN_ENUM_CONVERSION = YES;
				CLANG_WARN_INFINITE_RECURSION = YES;
				CLANG_WARN_INT_CONVERSION = YES;
				CLANG_WARN_NON_LITERAL_NULL_CONVERSION = YES;
				CLANG_WARN_OBJC_IMPLICIT_RETAIN_SELF = YES;
				CLANG_WARN_OBJC_LITERAL_CONVERSION = YES;
				CLANG_WARN_OBJC_ROOT_CLASS = YES_ERROR;
				CLANG_WARN_QUOTED_INCLUDE_IN_FRAMEWORK_HEADER = YES;
				CLANG_WARN_RANGE_LOOP_ANALYSIS = YES;
				CLANG_WARN_STRICT_PROTOTYPES = YES;
				CLANG_WARN_SUSPICIOUS_MOVE = YES;
				CLANG_WARN_UNGUARDED_AVAILABILITY = YES_AGGRESSIVE;
				CLANG_WARN_UNREACHABLE_CODE = YES;
				CLANG_WARN__DUPLICATE_METHOD_MATCH = YES;
				COPY_PHASE_STRIP = NO;
				DEBUG_INFORMATION_FORMAT = dwarf;
				ENABLE_STRICT_OBJC_MSGSEND = YES;
				ENABLE_TESTABILITY = YES;
				GCC_C_LANGUAGE_STANDARD = gnu11;
				GCC_DYNAMIC_NO_PIC = NO;
				GCC_NO_COMMON_BLOCKS = YES;
				GCC_OPTIMIZATION_LEVEL = 0;
				GCC_PREPROCESSOR_DEFINITIONS = (
					"DEBUG=1",
					"$(inherited)",
				);
				GCC_WARN_64_TO_32_BIT_CONVERSION = YES;
				GCC_WARN_ABOUT_RETURN_TYPE = YES_ERROR;
				GCC_WARN_UNDECLARED_SELECTOR = YES;
				GCC_WARN_UNINITIALIZED_AUTOS = YES_AGGRESSIVE;
				GCC_WARN_UNUSED_FUNCTION = YES;
				GCC_WARN_UNUSED_VARIABLE = YES;
				IPHONEOS_DEPLOYMENT_TARGET = 15.0;
				MTL_ENABLE_DEBUG_INFO = INCLUDE_SOURCE;
				MTL_FAST_MATH = YES;
				ONLY_ACTIVE_ARCH = YES;
				SDKROOT = iphoneos;
				SWIFT_ACTIVE_COMPILATION_CONDITIONS = DEBUG;
				SWIFT_OPTIMIZATION_LEVEL = "-Onone";
			};
			name = Debug;
		};
		838F7C2023D27D9B005CF45B /* Release */ = {
			isa = XCBuildConfiguration;
			buildSettings = {
				ALWAYS_SEARCH_USER_PATHS = NO;
				CLANG_ANALYZER_LOCALIZABILITY_NONLOCALIZED = YES;
				CLANG_ANALYZER_NONNULL = YES;
				CLANG_ANALYZER_NUMBER_OBJECT_CONVERSION = YES_AGGRESSIVE;
				CLANG_CXX_LANGUAGE_STANDARD = "gnu++14";
				CLANG_CXX_LIBRARY = "libc++";
				CLANG_ENABLE_MODULES = YES;
				CLANG_ENABLE_OBJC_ARC = YES;
				CLANG_ENABLE_OBJC_WEAK = YES;
				CLANG_WARN_BLOCK_CAPTURE_AUTORELEASING = YES;
				CLANG_WARN_BOOL_CONVERSION = YES;
				CLANG_WARN_COMMA = YES;
				CLANG_WARN_CONSTANT_CONVERSION = YES;
				CLANG_WARN_DEPRECATED_OBJC_IMPLEMENTATIONS = YES;
				CLANG_WARN_DIRECT_OBJC_ISA_USAGE = YES_ERROR;
				CLANG_WARN_DOCUMENTATION_COMMENTS = YES;
				CLANG_WARN_EMPTY_BODY = YES;
				CLANG_WARN_ENUM_CONVERSION = YES;
				CLANG_WARN_INFINITE_RECURSION = YES;
				CLANG_WARN_INT_CONVERSION = YES;
				CLANG_WARN_NON_LITERAL_NULL_CONVERSION = YES;
				CLANG_WARN_OBJC_IMPLICIT_RETAIN_SELF = YES;
				CLANG_WARN_OBJC_LITERAL_CONVERSION = YES;
				CLANG_WARN_OBJC_ROOT_CLASS = YES_ERROR;
				CLANG_WARN_QUOTED_INCLUDE_IN_FRAMEWORK_HEADER = YES;
				CLANG_WARN_RANGE_LOOP_ANALYSIS = YES;
				CLANG_WARN_STRICT_PROTOTYPES = YES;
				CLANG_WARN_SUSPICIOUS_MOVE = YES;
				CLANG_WARN_UNGUARDED_AVAILABILITY = YES_AGGRESSIVE;
				CLANG_WARN_UNREACHABLE_CODE = YES;
				CLANG_WARN__DUPLICATE_METHOD_MATCH = YES;
				COPY_PHASE_STRIP = NO;
				DEBUG_INFORMATION_FORMAT = "dwarf-with-dsym";
				ENABLE_NS_ASSERTIONS = NO;
				ENABLE_STRICT_OBJC_MSGSEND = YES;
				GCC_C_LANGUAGE_STANDARD = gnu11;
				GCC_NO_COMMON_BLOCKS = YES;
				GCC_WARN_64_TO_32_BIT_CONVERSION = YES;
				GCC_WARN_ABOUT_RETURN_TYPE = YES_ERROR;
				GCC_WARN_UNDECLARED_SELECTOR = YES;
				GCC_WARN_UNINITIALIZED_AUTOS = YES_AGGRESSIVE;
				GCC_WARN_UNUSED_FUNCTION = YES;
				GCC_WARN_UNUSED_VARIABLE = YES;
				IPHONEOS_DEPLOYMENT_TARGET = 15.0;
				MTL_ENABLE_DEBUG_INFO = NO;
				MTL_FAST_MATH = YES;
				SDKROOT = iphoneos;
				SWIFT_COMPILATION_MODE = wholemodule;
				SWIFT_OPTIMIZATION_LEVEL = "-O";
				VALIDATE_PRODUCT = YES;
			};
			name = Release;
		};
		838F7C2223D27D9B005CF45B /* Debug */ = {
			isa = XCBuildConfiguration;
			buildSettings = {
				ASSETCATALOG_COMPILER_APPICON_NAME = AppIcon;
				CODE_SIGN_STYLE = Automatic;
				DEVELOPMENT_TEAM = 54GQFS3JDD;
				INFOPLIST_FILE = MovieOSLite/Info.plist;
				LD_RUNPATH_SEARCH_PATHS = (
					"$(inherited)",
					"@executable_path/Frameworks",
				);
				PRODUCT_BUNDLE_IDENTIFIER = com.oscarsantos.MovieOSLite;
				PRODUCT_NAME = "$(TARGET_NAME)";
				SUPPORTED_PLATFORMS = "iphoneos iphonesimulator";
				SUPPORTS_MACCATALYST = NO;
				SUPPORTS_XR_DESIGNED_FOR_IPHONE_IPAD = YES;
				SWIFT_VERSION = 5.0;
				TARGETED_DEVICE_FAMILY = 1;
			};
			name = Debug;
		};
		838F7C2323D27D9B005CF45B /* Release */ = {
			isa = XCBuildConfiguration;
			buildSettings = {
				ASSETCATALOG_COMPILER_APPICON_NAME = AppIcon;
				CODE_SIGN_STYLE = Automatic;
				DEVELOPMENT_TEAM = 54GQFS3JDD;
				INFOPLIST_FILE = MovieOSLite/Info.plist;
				LD_RUNPATH_SEARCH_PATHS = (
					"$(inherited)",
					"@executable_path/Frameworks",
				);
				PRODUCT_BUNDLE_IDENTIFIER = com.oscarsantos.MovieOSLite;
				PRODUCT_NAME = "$(TARGET_NAME)";
				SUPPORTED_PLATFORMS = "iphoneos iphonesimulator";
				SUPPORTS_MACCATALYST = NO;
				SUPPORTS_XR_DESIGNED_FOR_IPHONE_IPAD = YES;
				SWIFT_VERSION = 5.0;
				TARGETED_DEVICE_FAMILY = 1;
			};
			name = Release;
		};
		839601922B96410B007FB1F4 /* Debug */ = {
			isa = XCBuildConfiguration;
			buildSettings = {
				ASSETCATALOG_COMPILER_APPICON_NAME = AppIcon;
				ASSETCATALOG_COMPILER_GENERATE_SWIFT_ASSET_SYMBOL_EXTENSIONS = YES;
				ASSETCATALOG_COMPILER_GLOBAL_ACCENT_COLOR_NAME = AccentColor;
				CLANG_CXX_LANGUAGE_STANDARD = "gnu++20";
				CODE_SIGN_STYLE = Automatic;
				CURRENT_PROJECT_VERSION = 1;
				DEVELOPMENT_ASSET_PATHS = "\"MovieOSVision/Preview Content\"";
				DEVELOPMENT_TEAM = 54GQFS3JDD;
				ENABLE_PREVIEWS = YES;
				ENABLE_USER_SCRIPT_SANDBOXING = YES;
				GCC_C_LANGUAGE_STANDARD = gnu17;
				GENERATE_INFOPLIST_FILE = YES;
				INFOPLIST_FILE = "$(TARGET_NAME)/Info.plist";
				LD_RUNPATH_SEARCH_PATHS = (
					"$(inherited)",
					"@executable_path/Frameworks",
				);
				LOCALIZATION_PREFERS_STRING_CATALOGS = YES;
				MARKETING_VERSION = 1.0;
				PRODUCT_BUNDLE_IDENTIFIER = com.oscarsantos.MovieOSVision;
				PRODUCT_NAME = "$(TARGET_NAME)";
				SDKROOT = xros;
				SUPPORTED_PLATFORMS = "xros xrsimulator";
				SUPPORTS_MACCATALYST = NO;
				SWIFT_ACTIVE_COMPILATION_CONDITIONS = "DEBUG $(inherited)";
				SWIFT_EMIT_LOC_STRINGS = YES;
				SWIFT_VERSION = 5.0;
				TARGETED_DEVICE_FAMILY = "1,2,7";
				XROS_DEPLOYMENT_TARGET = 1.0;
			};
			name = Debug;
		};
		839601932B96410B007FB1F4 /* Release */ = {
			isa = XCBuildConfiguration;
			buildSettings = {
				ASSETCATALOG_COMPILER_APPICON_NAME = AppIcon;
				ASSETCATALOG_COMPILER_GENERATE_SWIFT_ASSET_SYMBOL_EXTENSIONS = YES;
				ASSETCATALOG_COMPILER_GLOBAL_ACCENT_COLOR_NAME = AccentColor;
				CLANG_CXX_LANGUAGE_STANDARD = "gnu++20";
				CODE_SIGN_STYLE = Automatic;
				CURRENT_PROJECT_VERSION = 1;
				DEVELOPMENT_ASSET_PATHS = "\"MovieOSVision/Preview Content\"";
				DEVELOPMENT_TEAM = 54GQFS3JDD;
				ENABLE_PREVIEWS = YES;
				ENABLE_USER_SCRIPT_SANDBOXING = YES;
				GCC_C_LANGUAGE_STANDARD = gnu17;
				GENERATE_INFOPLIST_FILE = YES;
				INFOPLIST_FILE = "$(TARGET_NAME)/Info.plist";
				LD_RUNPATH_SEARCH_PATHS = (
					"$(inherited)",
					"@executable_path/Frameworks",
				);
				LOCALIZATION_PREFERS_STRING_CATALOGS = YES;
				MARKETING_VERSION = 1.0;
				PRODUCT_BUNDLE_IDENTIFIER = com.oscarsantos.MovieOSVision;
				PRODUCT_NAME = "$(TARGET_NAME)";
				SDKROOT = xros;
				SUPPORTED_PLATFORMS = "xros xrsimulator";
				SUPPORTS_MACCATALYST = NO;
				SWIFT_EMIT_LOC_STRINGS = YES;
				SWIFT_VERSION = 5.0;
				TARGETED_DEVICE_FAMILY = "1,2,7";
				XROS_DEPLOYMENT_TARGET = 1.0;
			};
			name = Release;
		};
/* End XCBuildConfiguration section */

/* Begin XCConfigurationList section */
		838F7C0823D27D9A005CF45B /* Build configuration list for PBXProject "MovieOSLite" */ = {
			isa = XCConfigurationList;
			buildConfigurations = (
				838F7C1F23D27D9B005CF45B /* Debug */,
				838F7C2023D27D9B005CF45B /* Release */,
			);
			defaultConfigurationIsVisible = 0;
			defaultConfigurationName = Release;
		};
		838F7C2123D27D9B005CF45B /* Build configuration list for PBXNativeTarget "MovieOSLite" */ = {
			isa = XCConfigurationList;
			buildConfigurations = (
				838F7C2223D27D9B005CF45B /* Debug */,
				838F7C2323D27D9B005CF45B /* Release */,
			);
			defaultConfigurationIsVisible = 0;
			defaultConfigurationName = Release;
		};
		839601912B96410B007FB1F4 /* Build configuration list for PBXNativeTarget "MovieOSVision" */ = {
			isa = XCConfigurationList;
			buildConfigurations = (
				839601922B96410B007FB1F4 /* Debug */,
				839601932B96410B007FB1F4 /* Release */,
			);
			defaultConfigurationIsVisible = 0;
			defaultConfigurationName = Release;
		};
/* End XCConfigurationList section */

/* Begin XCRemoteSwiftPackageReference section */
		838DB6AD2B8EB66500549B7B /* XCRemoteSwiftPackageReference "YouTubePlayerKit" */ = {
			isa = XCRemoteSwiftPackageReference;
			repositoryURL = "https://github.com/SvenTiigi/YouTubePlayerKit.git";
			requirement = {
				kind = upToNextMajorVersion;
				minimumVersion = 1.7.0;
			};
		};
/* End XCRemoteSwiftPackageReference section */

/* Begin XCSwiftPackageProductDependency section */
		838DB6AE2B8EB66500549B7B /* YouTubePlayerKit */ = {
			isa = XCSwiftPackageProductDependency;
			package = 838DB6AD2B8EB66500549B7B /* XCRemoteSwiftPackageReference "YouTubePlayerKit" */;
			productName = YouTubePlayerKit;
		};
/* End XCSwiftPackageProductDependency section */

/* Begin XCVersionGroup section */
		831CA65524F166D900DB6BF3 /* MovieOS.xcdatamodeld */ = {
			isa = XCVersionGroup;
			children = (
				831CA65624F166D900DB6BF3 /* MovieOS.xcdatamodel */,
			);
			currentVersion = 831CA65624F166D900DB6BF3 /* MovieOS.xcdatamodel */;
			path = MovieOS.xcdatamodeld;
			sourceTree = "<group>";
			versionGroupType = wrapper.xcdatamodel;
		};
/* End XCVersionGroup section */
	};
	rootObject = 838F7C0523D27D9A005CF45B /* Project object */;
}
